lockfileVersion: 5.4

importers:

  .:
    specifiers:
      '@types/node': ^18.11.5
      dotenv: ^16.0.3
      tslib: ^2.4.0
      typescript: ^4.8.4
    dependencies:
      '@types/node': 18.11.5
      dotenv: 16.0.3
      tslib: 2.4.0
      typescript: 4.8.4

  cli:
    specifiers:
      '@ts-crypto-calc/env': workspace:*
    dependencies:
      '@ts-crypto-calc/env': link:../packages/env

  packages/env:
    specifiers: {}

  packages/etherscan:
    specifiers: {}

  packages/infura:
    specifiers: {}

  packages/rate-limiter:
    specifiers: {}

packages:

  /@types/node/18.11.5:
    resolution: {integrity: sha512-3JRwhbjI+cHLAkUorhf8RnqUbFXajvzX4q6fMn5JwkgtuwfYtRQYI3u4V92vI6NJuTsbBQWWh3RZjFsuevyMGQ==}
    dev: false

  /dotenv/16.0.3:
    resolution: {integrity: sha512-7GO6HghkA5fYG9TYnNxi14/7K9f5occMlp3zXAuSxn7CKCxt9xbNWG7yF8hTCSUchlfWSe3uLmlPfigevRItzQ==}
    engines: {node: '>=12'}
    dev: false

  /tslib/2.4.0:
    resolution: {integrity: sha512-d6xOpEDfsi2CZVlPQzGeux8XMwLT9hssAsaPYExaQMuYskwb+x1x7J371tWlbBdWHroy99KnVB6qIkUbs5X3UQ==}
    dev: false

  /typescript/4.8.4:
    resolution: {integrity: sha512-QCh+85mCy+h0IGff8r5XWzOVSbBO+KfeYrMQh7NJ58QujwcE22u+NUSmUxqF+un70P9GXKxa2HCNiTTMJknyjQ==}
    engines: {node: '>=4.2.0'}
    hasBin: true
    dev: false
